# This file is automatically @generated by Cargo.
# It is not intended for manual editing.
version = 4

[[package]]
name = "addr2line"
version = "0.25.1"
source = "registry+https://github.com/rust-lang/crates.io-index"
checksum = "1b5d307320b3181d6d7954e663bd7c774a838b8220fe0593c86d9fb09f498b4b"
dependencies = [
 "gimli",
]

[[package]]
name = "adler2"
version = "2.0.1"
source = "registry+https://github.com/rust-lang/crates.io-index"
checksum = "320119579fcad9c21884f5c4861d16174d0e06250625266f50fe6898340abefa"

[[package]]
name = "ahash"
version = "0.7.8"
source = "registry+https://github.com/rust-lang/crates.io-index"
checksum = "891477e0c6a8957309ee5c45a6368af3ae14bb510732d2684ffa19af310920f9"
dependencies = [
 "getrandom 0.2.17",
 "once_cell",
 "version_check",
]

[[package]]
name = "aho-corasick"
version = "1.1.5"
source = "registry+https://github.com/rust-lang/crates.io-index"
checksum = "c982642fa9e8606056828ee9a8505737230110bb1099153c79efe865c59d12ba"
dependencies = [
 "memchr",
]

[[package]]
name = "arrayref"
version = "0.3.9"
source = "registry+https://github.com/rust-lang/crates.io-index"
checksum = "76a2e8124351fda1ef8aaaa3bbd7ebbcb486bbcd4225aca0aa0d84bb2db8fecb"

[[package]]
name = "arrayvec"
version = "0.7.8"
source = "registry+https://github.com/rust-lang/crates.io-index"
checksum = "d3fb67a6e08acf24fdeccbac2cb6ac4305825bd1f117462e0e6f2f193345ad56"

[[package]]
name = "backtrace"
version = "0.3.76"
source = "registry+https://github.com/rust-lang/crates.io-index"
checksum = "bb531853791a215d7c62a30daf0dde835f381ab5de4589cfe7c649d2cbe92bd6"
dependencies = [
 "addr2line",
 "cfg-if",
 "libc",
 "miniz_oxide",
 "object",
 "rustc-demangle",
 "windows-link",
]

[[package]]
name = "backtrace-ext"
version = "0.2.1"
source = "registry+https://github.com/rust-lang/crates.io-index"
checksum = "537beee3be4a18fb023b570f80e3ae28003db9167a751266b259926e25539d50"
dependencies = [
 "backtrace",
]

[[package]]
name = "base64"
version = "0.22.1"
source = "registry+https://github.com/rust-lang/crates.io-index"
checksum = "72b3254f16251a8381aa12e40e3c4d2f0199f8c6508fbecb9d91f575e0fbb8c6"

[[package]]
name = "bitflags"
version = "2.13.1"
source = "registry+https://github.com/rust-lang/crates.io-index"
checksum = "b588b76d00fde79687d7646a9b5bdf3cc0f655e0bbd080335a95d7e96f3587da"

[[package]]
name = "blake3"
version = "1.8.6"
source = "registry+https://github.com/rust-lang/crates.io-index"
checksum = "76ae7bad254120e9e4c63bafc385310756f90c484eac0e36b8317cf09cb92a77"
dependencies = [
 "arrayref",
 "arrayvec",
 "cc",
 "cfg-if",
 "constant_time_eq",
 "cpufeatures 0.3.0",
]

[[package]]
name = "block-buffer"
version = "0.10.4"
source = "registry+https://github.com/rust-lang/crates.io-index"
checksum = "3078c7629b62d3f0439517fa394996acacc5cbc91c5a20d8c658e77abd503a71"
dependencies = [
 "generic-array",
]

[[package]]
name = "bumpalo"
version = "3.19.0"
source = "registry+https://github.com/rust-lang/crates.io-index"
checksum = "46c5e41b57b8bba42a04676d81cb89e9ee8e859a1a66f80a5a72e1cb76b34d43"

[[package]]
name = "cc"
version = "1.4.2"
source = "registry+https://github.com/rust-lang/crates.io-index"
checksum = "5d262e149917187838d5b42777c8253bcb64500067342904e7d429499a6f277e"
dependencies = [
 "find-msvc-tools",
 "shlex",
]

[[package]]
name = "cfg-if"
version = "1.0.4"
source = "registry+https://github.com/rust-lang/crates.io-index"
checksum = "9330f8b2ff13f34540b44e946ef35111825727b38d33286ef986142615121801"

[[package]]
name = "chacha20"
version = "0.10.2"
source = "registry+https://github.com/rust-lang/crates.io-index"
checksum = "65c35e4b699c7e15ccbe7ee35c005e4fc0a278d22238a2857e6ce2dadeda1b06"
dependencies = [
 "cfg-if",
 "cpufeatures 0.3.0",
 "rand_core",
]

[[package]]
name = "constant_time_eq"
version = "0.4.2"
source = "registry+https://github.com/rust-lang/crates.io-index"
checksum = "3d52eff69cd5e647efe296129160853a42795992097e8af39800e1060caeea9b"

[[package]]
name = "convert_case"
version = "0.6.0"
source = "registry+https://github.com/rust-lang/crates.io-index"
checksum = "ec182b0ca2f35d8fc196cf3404988fd8b8c739a4d270ff118a398feb0cbec1ca"
dependencies = [
 "unicode-segmentation",
]

[[package]]
name = "cpufeatures"
version = "0.2.17"
source = "registry+https://github.com/rust-lang/crates.io-index"
checksum = "59ed5838eebb26a2bb2e58f6d5b5316989ae9d08bab10e0e6d103e656d1b0280"
dependencies = [
 "libc",
]

[[package]]
name = "cpufeatures"
version = "0.3.0"
source = "registry+https://github.com/rust-lang/crates.io-index"
checksum = "8b2a41393f66f16b0823bb79094d54ac5fbd34ab292ddafb9a0456ac9f87d201"
dependencies = [
 "libc",
]

[[package]]
name = "crypto-common"
version = "0.1.7"
source = "registry+https://github.com/rust-lang/crates.io-index"
checksum = "78c8292055d1c1df0cce5d180393dc8cce0abec0a7102adb6c7b1eef6016d60a"
dependencies = [
 "generic-array",
 "typenum",
]

[[package]]
name = "ctor"
version = "0.2.9"
source = "registry+https://github.com/rust-lang/crates.io-index"
checksum = "32a2785755761f3ddc1492979ce1e48d2c00d09311c39e4466429188f3dd6501"
dependencies = [
 "quote",
 "syn 2.0.119",
]

[[package]]
name = "dejavu"
version = "0.0.1"
source = "git+https://github.com/doki-land/dejavu-engine.git?branch=dev#c14ad3f786feb30676d809999199a3c867a90cbf"
dependencies = [
 "dejavu-engine",
 "dejavu-ir",
 "dejavu-language",
 "dejavu-runtime",
 "dejavu-types",
 "serde_json",
]

[[package]]
name = "dejavu-engine"
version = "0.0.1"
source = "git+https://github.com/doki-land/dejavu-engine.git?branch=dev#c14ad3f786feb30676d809999199a3c867a90cbf"
dependencies = [
 "dejavu-ir",
 "dejavu-language",
 "dejavu-types",
 "miette",
 "serde",
 "serde_json",
]

[[package]]
name = "dejavu-ir"
version = "0.0.1"
source = "git+https://github.com/doki-land/dejavu-engine.git?branch=dev#c14ad3f786feb30676d809999199a3c867a90cbf"
dependencies = [
 "serde",
 "serde_json",
 "thiserror 2.0.20",
]

[[package]]
name = "dejavu-language"
version = "0.0.1"
source = "git+https://github.com/doki-land/dejavu-engine.git?branch=dev#c14ad3f786feb30676d809999199a3c867a90cbf"
dependencies = [
 "dejavu-ir",
 "miette",
 "serde_json",
 "thiserror 2.0.20",
]

[[package]]
name = "dejavu-runtime"
version = "0.0.1"
source = "git+https://github.com/doki-land/dejavu-engine.git?branch=dev#c14ad3f786feb30676d809999199a3c867a90cbf"

[[package]]
name = "dejavu-types"
version = "0.0.1"
source = "git+https://github.com/doki-land/dejavu-engine.git?branch=dev#c14ad3f786feb30676d809999199a3c867a90cbf"
dependencies = [
 "dejavu-ir",
 "dejavu-language",
 "fluent",
 "fluent-bundle",
 "fluent-syntax",
 "lru",
 "serde",
 "serde_json",
 "unic-langid",
]

[[package]]
name = "digest"
version = "0.10.7"
source = "registry+https://github.com/rust-lang/crates.io-index"
checksum = "9ed9a281f7bc9b7576e61468ba615a66a5c8cfdff42420a70aa82701a3b1e292"
dependencies = [
 "block-buffer",
 "crypto-common",
]

[[package]]
name = "displaydoc"
version = "0.2.7"
source = "registry+https://github.com/rust-lang/crates.io-index"
checksum = "c6232dd377dcc64799954cbd3a9bb882e9cdc1308ccd87b1c098f1fb2eaf82a8"
dependencies = [
 "proc-macro2",
 "quote",
 "syn 3.0.3",
]

[[package]]
name = "errno"
version = "0.3.14"
source = "registry+https://github.com/rust-lang/crates.io-index"
checksum = "39cab71617ae0d63f51a36d69f866391735b51691dbda63cf6f96d042b63efeb"
dependencies = [
 "libc",
 "windows-sys",
]

[[package]]
name = "find-msvc-tools"
version = "0.1.10"
source = "registry+https://github.com/rust-lang/crates.io-index"
checksum = "26b73573e6edcd2af0cdf47bd6cb58f0b3839491263c314eaad1ccf24430e1de"

[[package]]
name = "fluent"
version = "0.16.1"
source = "registry+https://github.com/rust-lang/crates.io-index"
checksum = "bb74634707bebd0ce645a981148e8fb8c7bccd4c33c652aeffd28bf2f96d555a"
dependencies = [
 "fluent-bundle",
 "unic-langid",
]

[[package]]
name = "fluent-bundle"
version = "0.15.3"
source = "registry+https://github.com/rust-lang/crates.io-index"
checksum = "7fe0a21ee80050c678013f82edf4b705fe2f26f1f9877593d13198612503f493"
dependencies = [
 "fluent-langneg",
 "fluent-syntax",
 "intl-memoizer",
 "intl_pluralrules",
 "rustc-hash 1.1.0",
 "self_cell 0.10.3",
 "smallvec",
 "unic-langid",
]

[[package]]
name = "fluent-langneg"
version = "0.13.1"
source = "registry+https://github.com/rust-lang/crates.io-index"
checksum = "7eebbe59450baee8282d71676f3bfed5689aeab00b27545e83e5f14b1195e8b0"
dependencies = [
 "unic-langid",
]

[[package]]
name = "fluent-syntax"
version = "0.11.1"
source = "registry+https://github.com/rust-lang/crates.io-index"
checksum = "2a530c4694a6a8d528794ee9bbd8ba0122e779629ac908d15ad5a7ae7763a33d"
dependencies = [
 "thiserror 1.0.69",
]

[[package]]
name = "futures-core"
version = "0.3.33"
source = "registry+https://github.com/rust-lang/crates.io-index"
checksum = "2cd50c473c80f6d7c3670a752354b8e569b1a7cbfdc0419ec88e5edad85e0dc7"

[[package]]
name = "futures-task"
version = "0.3.33"
source = "registry+https://github.com/rust-lang/crates.io-index"
checksum = "b231ed28831efb4a61a08580c4bc233ec56bc009f4cd8f52da2c3cb97df0c109"

[[package]]
name = "futures-util"
version = "0.3.33"
source = "registry+https://github.com/rust-lang/crates.io-index"
checksum = "a77a90a256fce34da66415271e30f94ee91c57b04b8a2c042d9cf3220179deaa"
dependencies = [
 "futures-core",
 "futures-task",
 "pin-project-lite",
 "slab",
]

[[package]]
name = "generic-array"
version = "0.14.7"
source = "registry+https://github.com/rust-lang/crates.io-index"
checksum = "85649ca51fd72272d7821adaf274ad91c288277713d9c18820d8499a7ff69e9a"
dependencies = [
 "typenum",
 "version_check",
]

[[package]]
name = "getrandom"
version = "0.2.17"
source = "registry+https://github.com/rust-lang/crates.io-index"
checksum = "ff2abc00be7fca6ebc474524697ae276ad847ad0a6b3faa4bcb027e9a4614ad0"
dependencies = [
 "cfg-if",
 "libc",
 "wasi",
]

[[package]]
name = "getrandom"
version = "0.4.3"
source = "registry+https://github.com/rust-lang/crates.io-index"
checksum = "300e883d756b2e4ec94e02791f39b04b522276138852cfc41d9fb7e904106099"
dependencies = [
 "cfg-if",
 "libc",
 "r-efi",
 "rand_core",
]

[[package]]
name = "gimli"
version = "0.32.3"
source = "registry+https://github.com/rust-lang/crates.io-index"
checksum = "e629b9b98ef3dd8afe6ca2bd0f89306cec16d43d907889945bc5d6687f2f13c7"

[[package]]
name = "hashbrown"
version = "0.12.3"
source = "registry+https://github.com/rust-lang/crates.io-index"
checksum = "8a9ee70c43aaf417c914396645a0fa852624801b24ebb7ae78fe8272889ac888"
dependencies = [
 "ahash",
]

[[package]]
name = "intl-memoizer"
version = "0.5.3"
source = "registry+https://github.com/rust-lang/crates.io-index"
checksum = "310da2e345f5eb861e7a07ee182262e94975051db9e4223e909ba90f392f163f"
dependencies = [
 "type-map",
 "unic-langid",
]

[[package]]
name = "intl_pluralrules"
version = "7.0.2"
source = "registry+https://github.com/rust-lang/crates.io-index"
checksum = "078ea7b7c29a2b4df841a7f6ac8775ff6074020c6776d48491ce2268e068f972"
dependencies = [
 "unic-langid",
]

[[package]]
name = "is_ci"
version = "1.2.0"
source = "registry+https://github.com/rust-lang/crates.io-index"
checksum = "7655c9839580ee829dfacba1d1278c2b7883e50a277ff7541299489d6bdfdc45"

[[package]]
name = "itoa"
version = "1.0.18"
source = "registry+https://github.com/rust-lang/crates.io-index"
checksum = "8f42a60cbdf9a97f5d2305f08a87dc4e09308d1276d28c869c684d7777685682"

[[package]]
name = "js-sys"
version = "0.3.104"
source = "registry+https://github.com/rust-lang/crates.io-index"
checksum = "0e0c1080212aad755ea003d18543e8768dd432c48819efd73a7bf1e39b7a5a3a"
dependencies = [
 "cfg-if",
 "futures-util",
 "wasm-bindgen",
]

[[package]]
name = "libc"
version = "0.2.189"
source = "registry+https://github.com/rust-lang/crates.io-index"
checksum = "3eaf3ede3fee6db1a4c2ee091bf8a8b4dccdc6d17f656fb07896ee72867612f2"

[[package]]
name = "libloading"
version = "0.8.9"
source = "registry+https://github.com/rust-lang/crates.io-index"
checksum = "d7c4b02199fee7c5d21a5ae7d8cfa79a6ef5bb2fc834d6e9058e89c825efdc55"
dependencies = [
 "cfg-if",
 "windows-link",
]

[[package]]
name = "linux-raw-sys"
version = "0.12.1"
source = "registry+https://github.com/rust-lang/crates.io-index"
checksum = "32a66949e030da00e8c7d4434b251670a91556f4144941d37452769c25d58a53"

[[package]]
name = "lru"
version = "0.7.8"
source = "registry+https://github.com/rust-lang/crates.io-index"
checksum = "e999beba7b6e8345721bd280141ed958096a2e4abdf74f67ff4ce49b4b54e47a"
dependencies = [
 "hashbrown",
]

[[package]]
name = "memchr"
version = "2.8.3"
source = "registry+https://github.com/rust-lang/crates.io-index"
checksum = "cf8baf1c55e62ffcace7a9f06f4bd9cd3f0c4beb022d3b367256b91b87513d98"

[[package]]
name = "miette"
version = "7.6.0"
source = "registry+https://github.com/rust-lang/crates.io-index"
checksum = "5f98efec8807c63c752b5bd61f862c165c115b0a35685bdcfd9238c7aeb592b7"
dependencies = [
 "backtrace",
 "backtrace-ext",
 "cfg-if",
 "miette-derive",
 "owo-colors",
 "supports-color",
 "supports-hyperlinks",
 "supports-unicode",
 "terminal_size",
 "textwrap",
 "unicode-width 0.1.14",
]

[[package]]
name = "miette-derive"
version = "7.6.0"
source = "registry+https://github.com/rust-lang/crates.io-index"
checksum = "db5b29714e950dbb20d5e6f74f9dcec4edbcc1067bb7f8ed198c097b8c1a818b"
dependencies = [
 "proc-macro2",
 "quote",
 "syn 2.0.119",
]

[[package]]
name = "miniz_oxide"
version = "0.8.9"
source = "registry+https://github.com/rust-lang/crates.io-index"
checksum = "1fa76a2c86f704bdb222d66965fb3d63269ce38518b83cb0575fca855ebb6316"
dependencies = [
 "adler2",
]

[[package]]
name = "napi"
version = "2.16.17"
source = "registry+https://github.com/rust-lang/crates.io-index"
checksum = "55740c4ae1d8696773c78fdafd5d0e5fe9bc9f1b071c7ba493ba5c413a9184f3"
dependencies = [
 "bitflags",
 "ctor",
 "napi-derive",
 "napi-sys",
 "once_cell",
]

[[package]]
name = "napi-build"
version = "2.6.0"
source = "registry+https://github.com/rust-lang/crates.io-index"
checksum = "b899b545d3aa6dca985939059f258c5488d34e4ecf39c274e20009748f4b846d"

[[package]]
name = "napi-derive"
version = "2.16.13"
source = "registry+https://github.com/rust-lang/crates.io-index"
checksum = "7cbe2585d8ac223f7d34f13701434b9d5f4eb9c332cccce8dee57ea18ab8ab0c"
dependencies = [
 "cfg-if",
 "convert_case",
 "napi-derive-backend",
 "proc-macro2",
 "quote",
 "syn 2.0.119",
]

[[package]]
name = "napi-derive-backend"
version = "1.0.75"
source = "registry+https://github.com/rust-lang/crates.io-index"
checksum = "1639aaa9eeb76e91c6ae66da8ce3e89e921cd3885e99ec85f4abacae72fc91bf"
dependencies = [
 "convert_case",
 "once_cell",
 "proc-macro2",
 "quote",
 "regex",
 "semver",
 "syn 2.0.119",
]

[[package]]
name = "napi-sys"
version = "2.4.0"
source = "registry+https://github.com/rust-lang/crates.io-index"
checksum = "427802e8ec3a734331fec1035594a210ce1ff4dc5bc1950530920ab717964ea3"
dependencies = [
 "libloading",
]

[[package]]
name = "oak-core"
version = "0.0.12"
source = "git+https://github.com/yggdrasil-language/oaks.git?rev=424dd544c57f2d9e40b248056ab12a1725ae932f#424dd544c57f2d9e40b248056ab12a1725ae932f"
dependencies = [
 "smallvec",
 "triomphe",
 "twox-hash",
]

[[package]]
name = "oak-vos"
version = "0.0.12"
source = "git+https://github.com/yggdrasil-language/oaks.git?rev=424dd544c57f2d9e40b248056ab12a1725ae932f#424dd544c57f2d9e40b248056ab12a1725ae932f"
dependencies = [
 "oak-core",
]

[[package]]
name = "object"
version = "0.37.3"
source = "registry+https://github.com/rust-lang/crates.io-index"
checksum = "ff76201f031d8863c38aa7f905eca4f53abbfa15f609db4277d44cd8938f33fe"
dependencies = [
 "memchr",
]

[[package]]
name = "once_cell"
version = "1.21.4"
source = "registry+https://github.com/rust-lang/crates.io-index"
checksum = "9f7c3e4beb33f85d45ae3e3a1792185706c8e16d043238c593331cc7cd313b50"

[[package]]
name = "owo-colors"
version = "4.3.0"
source = "registry+https://github.com/rust-lang/crates.io-index"
checksum = "d211803b9b6b570f68772237e415a029d5a50c65d382910b879fb19d3271f94d"

[[package]]
name = "pin-project-lite"
version = "0.2.17"
source = "registry+https://github.com/rust-lang/crates.io-index"
checksum = "a89322df9ebe1c1578d689c92318e070967d1042b512afbe49518723f4e6d5cd"

[[package]]
name = "proc-macro2"
version = "1.0.107"
source = "registry+https://github.com/rust-lang/crates.io-index"
checksum = "985e7ec9bb745e6ce6535b544d84d6cd6f7ad8bd711c398938ae983b91a766d9"
dependencies = [
 "unicode-ident",
]

[[package]]
name = "quote"
version = "1.0.47"
source = "registry+https://github.com/rust-lang/crates.io-index"
checksum = "1fbf4db142a473a8d80c26bbf18454ed458bf8d26c8219c331daecfdbd079001"
dependencies = [
 "proc-macro2",
]

[[package]]
name = "r-efi"
version = "6.0.0"
source = "registry+https://github.com/rust-lang/crates.io-index"
checksum = "f8dcc9c7d52a811697d2151c701e0d08956f92b0e24136cf4cf27b57a6a0d9bf"

[[package]]
name = "rand"
version = "0.10.3"
source = "registry+https://github.com/rust-lang/crates.io-index"
checksum = "65c9fb96cbc91e3478eaae79a69fcd3f1ae4ad052e471fe6732fff548984b4af"
dependencies = [
 "chacha20",
 "getrandom 0.4.3",
 "rand_core",
]

[[package]]
name = "rand_core"
version = "0.10.1"
source = "registry+https://github.com/rust-lang/crates.io-index"
checksum = "63b8176103e19a2643978565ca18b50549f6101881c443590420e4dc998a3c69"

[[package]]
name = "regex"
version = "1.13.1"
source = "registry+https://github.com/rust-lang/crates.io-index"
checksum = "f020237b6c8eed93db2e2cb53c00c60a8e1bc73da7d073199a1180401450218d"
dependencies = [
 "aho-corasick",
 "memchr",
 "regex-automata",
 "regex-syntax",
]

[[package]]
name = "regex-automata"
version = "0.4.18"
source = "registry+https://github.com/rust-lang/crates.io-index"
checksum = "ad8553b9b26413251cbf30e620595c7a41b3887f03da04579c0e6b0d6a06b4b2"
dependencies = [
 "aho-corasick",
 "memchr",
 "regex-syntax",
]

[[package]]
name = "regex-syntax"
version = "0.8.11"
source = "registry+https://github.com/rust-lang/crates.io-index"
checksum = "d6f6ff9a378485b298a5286656da665ba74413d36db0979633275d2e708145d4"

[[package]]
name = "rustc-demangle"
version = "0.1.28"
source = "registry+https://github.com/rust-lang/crates.io-index"
checksum = "b74b56ffa8bb2830709a538c2cbcae9aa062db0d2a42563bfb09bdaae44020eb"

[[package]]
name = "rustc-hash"
version = "1.1.0"
source = "registry+https://github.com/rust-lang/crates.io-index"
checksum = "08d43f7aa6b08d49f382cde6a7982047c3426db949b1424bc4b7ec9ae12c6ce2"

[[package]]
name = "rustc-hash"
version = "2.1.3"
source = "registry+https://github.com/rust-lang/crates.io-index"
checksum = "6b1e7f9a428571be2dc5bc0505c13fb6bf936822b894ec87abf8a08a4e51742d"

[[package]]
name = "rustix"
version = "1.1.5"
source = "registry+https://github.com/rust-lang/crates.io-index"
checksum = "891efababe418670775f199f0d233d84843c227a0949a883ce15b37c78d6629d"
dependencies = [
 "bitflags",
 "errno",
 "libc",
 "linux-raw-sys",
 "windows-sys",
]

[[package]]
name = "rustversion"
version = "1.0.23"
source = "registry+https://github.com/rust-lang/crates.io-index"
checksum = "cf54715a573b99ac80df0bc206da022bcd442c974952c7b9720069370852e21f"

[[package]]
name = "self_cell"
version = "0.10.3"
source = "registry+https://github.com/rust-lang/crates.io-index"
checksum = "e14e4d63b804dc0c7ec4a1e52bcb63f02c7ac94476755aa579edac21e01f915d"
dependencies = [
 "self_cell 1.3.0",
]

[[package]]
name = "self_cell"
version = "1.3.0"
source = "registry+https://github.com/rust-lang/crates.io-index"
checksum = "2ab42ca02749e120097e328d91d415325bdf43b1c72c4c8badf37375fe40a813"

[[package]]
name = "semver"
version = "1.0.28"
source = "registry+https://github.com/rust-lang/crates.io-index"
checksum = "8a7852d02fc848982e0c167ef163aaff9cd91dc640ba85e263cb1ce46fae51cd"

[[package]]
name = "serde"
version = "1.0.229"
source = "registry+https://github.com/rust-lang/crates.io-index"
checksum = "4148590afebada386688f18773da617792bf2ef03ffc1e4cbd2b1d45b023e0ba"
dependencies = [
 "serde_core",
 "serde_derive",
]

[[package]]
name = "serde_core"
version = "1.0.229"
source = "registry+https://github.com/rust-lang/crates.io-index"
checksum = "67dca2c9c51e58a4791a4b1ed58308b39c64224d349a935ab5039aa360942a48"
dependencies = [
 "serde_derive",
]

[[package]]
name = "serde_derive"
version = "1.0.229"
source = "registry+https://github.com/rust-lang/crates.io-index"
checksum = "e7a5d71263a5a7d47b41f6b3f06ba276f10cc18b0931f1799f710578e2309348"
dependencies = [
 "proc-macro2",
 "quote",
 "syn 3.0.3",
]

[[package]]
name = "serde_json"
version = "1.0.151"
source = "registry+https://github.com/rust-lang/crates.io-index"
checksum = "c841b55ecdae098c80dcae9cf767f6f8a0c2cdb3416bbef72181df4d0fe73f14"
dependencies = [
 "itoa",
 "memchr",
 "serde",
 "serde_core",
 "zmij",
]

[[package]]
name = "sha1"
version = "0.10.7"
source = "registry+https://github.com/rust-lang/crates.io-index"
checksum = "a978451301f4db1d02937a4ab3ccce137717b81826e79b7d49ffe3244a13c3b8"
dependencies = [
 "cfg-if",
 "cpufeatures 0.2.17",
 "digest",
]

[[package]]
name = "shlex"
version = "2.0.1"
source = "registry+https://github.com/rust-lang/crates.io-index"
checksum = "f8fadd59c855ef2080decdef8ff161eb6661b86933c9d82e5ba29dc602a55aba"

[[package]]
name = "slab"
version = "0.4.12"
source = "registry+https://github.com/rust-lang/crates.io-index"
checksum = "0c790de23124f9ab44544d7ac05d60440adc586479ce501c1d6d7da3cd8c9cf5"

[[package]]
name = "smallvec"
version = "1.16.2"
source = "registry+https://github.com/rust-lang/crates.io-index"
checksum = "f9395f0f0eee849a9b707b2f06bb92a6a422090e2123bb2ef8e87a0e61892a8e"

[[package]]
name = "supports-color"
version = "3.0.2"
source = "registry+https://github.com/rust-lang/crates.io-index"
checksum = "c64fc7232dd8d2e4ac5ce4ef302b1d81e0b80d055b9d77c7c4f51f6aa4c867d6"
dependencies = [
 "is_ci",
]

[[package]]
name = "supports-hyperlinks"
version = "3.2.0"
source = "registry+https://github.com/rust-lang/crates.io-index"
checksum = "e396b6523b11ccb83120b115a0b7366de372751aa6edf19844dfb13a6af97e91"

[[package]]
name = "supports-unicode"
version = "3.0.0"
source = "registry+https://github.com/rust-lang/crates.io-index"
checksum = "b7401a30af6cb5818bb64852270bb722533397edcfc7344954a38f420819ece2"

[[package]]
name = "syn"
version = "2.0.119"
source = "registry+https://github.com/rust-lang/crates.io-index"
checksum = "872831b642d1a07999a962a351ed35b955ea2cfc8f3862091e2a240a84f17297"
dependencies = [
 "proc-macro2",
 "quote",
 "unicode-ident",
]

[[package]]
name = "syn"
version = "3.0.3"
source = "registry+https://github.com/rust-lang/crates.io-index"
checksum = "53e9bae58849f64dfa4f5d5ae372c8341f7305f82a3868709269343628b659a3"
dependencies = [
 "proc-macro2",
 "quote",
 "unicode-ident",
]

[[package]]
name = "terminal_size"
version = "0.4.4"
source = "registry+https://github.com/rust-lang/crates.io-index"
checksum = "230a1b821ccbd75b185820a1f1ff7b14d21da1e442e22c0863ea5f08771a8874"
dependencies = [
 "rustix",
 "windows-sys",
]

[[package]]
name = "textwrap"
version = "0.16.2"
source = "registry+https://github.com/rust-lang/crates.io-index"
checksum = "c13547615a44dc9c452a8a534638acdf07120d4b6847c8178705da06306a3057"
dependencies = [
 "unicode-linebreak",
 "unicode-width 0.2.2",
]

[[package]]
name = "thiserror"
version = "1.0.69"
source = "registry+https://github.com/rust-lang/crates.io-index"
checksum = "b6aaf5339b578ea85b50e080feb250a3e8ae8cfcdff9a461c9ec2904bc923f52"
dependencies = [
 "thiserror-impl 1.0.69",
]

[[package]]
name = "thiserror"
version = "2.0.20"
source = "registry+https://github.com/rust-lang/crates.io-index"
checksum = "ec86235f5fcc2a73650310756d2ac5b138a5780bbbdfae3eeccec992c435ba4f"
dependencies = [
 "thiserror-impl 2.0.20",
]

[[package]]
name = "thiserror-impl"
version = "1.0.69"
source = "registry+https://github.com/rust-lang/crates.io-index"
checksum = "4fee6c4efc90059e10f81e6d42c60a18f76588c3d74cb83a0b242a2b6c7504c1"
dependencies = [
 "proc-macro2",
 "quote",
 "syn 2.0.119",
]

[[package]]
name = "thiserror-impl"
version = "2.0.20"
source = "registry+https://github.com/rust-lang/crates.io-index"
checksum = "bc04cd3e1236dd4a98afca4569f2deb3f120e5422a4023be2cb683f8486292af"
dependencies = [
 "proc-macro2",
 "quote",
 "syn 3.0.3",
]

[[package]]
name = "tinystr"
version = "0.8.4"
source = "registry+https://github.com/rust-lang/crates.io-index"
checksum = "b1e27c91459209c2986af3dcf603a5a74a4368754ce37414f59acc971167f643"
dependencies = [
 "displaydoc",
 "serde_core",
 "zerovec",
]

[[package]]
name = "triomphe"
version = "0.1.16"
source = "registry+https://github.com/rust-lang/crates.io-index"
checksum = "b40688ea6389c8171614b25491f71d4a27946e0c7ce2da1c6de27e25abf1a0ae"
dependencies = [
 "serde",
]

[[package]]
name = "twox-hash"
version = "2.1.4"
source = "registry+https://github.com/rust-lang/crates.io-index"
checksum = "5283634e518fe9e82c7b20520bb4bc209009fd16c82077c802f8111ecbb0117a"
dependencies = [
 "rand",
]

[[package]]
name = "type-map"
version = "0.5.1"
source = "registry+https://github.com/rust-lang/crates.io-index"
checksum = "cb30dbbd9036155e74adad6812e9898d03ec374946234fbcebd5dfc7b9187b90"
dependencies = [
 "rustc-hash 2.1.3",
]

[[package]]
name = "typenum"
version = "1.20.1"
source = "registry+https://github.com/rust-lang/crates.io-index"
checksum = "b6f5e870be6c3b371b77fe0ee0bafb859fa4964b4404c27de1d380043c4dda20"

[[package]]
name = "unic-langid"
version = "0.9.6"
source = "registry+https://github.com/rust-lang/crates.io-index"
checksum = "a28ba52c9b05311f4f6e62d5d9d46f094bd6e84cb8df7b3ef952748d752a7d05"
dependencies = [
 "unic-langid-impl",
]

[[package]]
name = "unic-langid-impl"
version = "0.9.6"
source = "registry+https://github.com/rust-lang/crates.io-index"
checksum = "dce1bf08044d4b7a94028c93786f8566047edc11110595914de93362559bc658"
dependencies = [
 "tinystr",
]

[[package]]
name = "unicode-ident"
version = "1.0.24"
source = "registry+https://github.com/rust-lang/crates.io-index"
checksum = "e6e4313cd5fcd3dad5cafa179702e2b244f760991f45397d14d4ebf38247da75"

[[package]]
name = "unicode-linebreak"
version = "0.1.5"
source = "registry+https://github.com/rust-lang/crates.io-index"
checksum = "3b09c83c3c29d37506a3e260c08c03743a6bb66a9cd432c6934ab501a190571f"

[[package]]
name = "unicode-segmentation"
version = "1.13.3"
source = "registry+https://github.com/rust-lang/crates.io-index"
checksum = "c6f5d3c3b1bf09027a88a6bc961fc00497d651009560b5463668dc81b0fa87a8"

[[package]]
name = "unicode-width"
version = "0.1.14"
source = "registry+https://github.com/rust-lang/crates.io-index"
checksum = "7dd6e30e90baa6f72411720665d41d89b9a3d039dc45b8faea1ddd07f617f6af"

[[package]]
name = "unicode-width"
version = "0.2.2"
source = "registry+https://github.com/rust-lang/crates.io-index"
checksum = "b4ac048d71ede7ee76d585517add45da530660ef4390e49b098733c6e897f254"

[[package]]
name = "uuid"
version = "1.24.0"
source = "registry+https://github.com/rust-lang/crates.io-index"
checksum = "bf3923a6f5c4c6382e0b653c4117f48d631ea17f38ed86e2a828e6f7412f5239"
dependencies = [
 "getrandom 0.4.3",
 "js-sys",
 "serde_core",
 "uuid-rng-internal",
 "wasm-bindgen",
]

[[package]]
name = "uuid-rng-internal"
version = "1.26.1"
source = "registry+https://github.com/rust-lang/crates.io-index"
checksum = "2c994a501354f95311ecd159c7e13fede645ce5d184dd576b7569a7478981383"
dependencies = [
 "getrandom 0.4.3",
]

[[package]]
name = "version_check"
version = "0.9.5"
source = "registry+https://github.com/rust-lang/crates.io-index"
checksum = "0b928f33d975fc6ad9f86c8f283853ad26bdd5b10b7f1542aa2fa15e2289105a"

[[package]]
name = "vos"
version = "0.1.0"
source = "git+https://github.com/voml/vos-language.git?rev=d770d972f5b297674f6dcf3da8f6479519cf507d#d770d972f5b297674f6dcf3da8f6479519cf507d"
dependencies = [
 "uuid",
 "vos-ast",
 "vos-generator",
 "vos-inspect",
 "vos-parser",
]

[[package]]
name = "vos-ast"
version = "0.1.0"
source = "git+https://github.com/voml/vos-language.git?rev=d770d972f5b297674f6dcf3da8f6479519cf507d#d770d972f5b297674f6dcf3da8f6479519cf507d"
dependencies = [
 "serde",
]

[[package]]
name = "vos-generator"
version = "0.1.0"
source = "git+https://github.com/voml/vos-language.git?rev=d770d972f5b297674f6dcf3da8f6479519cf507d#d770d972f5b297674f6dcf3da8f6479519cf507d"
dependencies = [
 "dejavu",
 "once_cell",
 "serde",
 "serde_json",
 "thiserror 2.0.20",
]

[[package]]
name = "vos-inspect"
version = "0.1.0"
source = "git+https://github.com/voml/vos-language.git?rev=d770d972f5b297674f6dcf3da8f6479519cf507d#d770d972f5b297674f6dcf3da8f6479519cf507d"
dependencies = [
 "serde",
 "vos-ast",
]

[[package]]
name = "vos-parser"
version = "0.1.0"
source = "git+https://github.com/voml/vos-language.git?rev=d770d972f5b297674f6dcf3da8f6479519cf507d#d770d972f5b297674f6dcf3da8f6479519cf507d"
dependencies = [
 "miette",
 "oak-vos",
 "thiserror 2.0.20",
 "vos-ast",
]

[[package]]
name = "wasi"
version = "0.11.1+wasi-snapshot-preview1"
source = "registry+https://github.com/rust-lang/crates.io-index"
checksum = "ccf3ec651a847eb01de73ccad15eb7d99f80485de043efb2f370cd654f4ea44b"

[[package]]
name = "wasm-bindgen"
version = "0.2.127"
source = "registry+https://github.com/rust-lang/crates.io-index"
checksum = "1b70935747edd64d89de3efa29d73789b806c15798f8e7dca4d8ac356b50ce70"
dependencies = [
 "cfg-if",
 "once_cell",
 "rustversion",
 "wasm-bindgen-macro",
 "wasm-bindgen-shared",
]

[[package]]
name = "wasm-bindgen-macro"
version = "0.2.127"
source = "registry+https://github.com/rust-lang/crates.io-index"
checksum = "77775f8f3f7217702089053b94958f8f54061a3f663417df76e19cbdcca29bc1"
dependencies = [
 "quote",
 "wasm-bindgen-macro-support",
]

[[package]]
name = "wasm-bindgen-macro-support"
version = "0.2.127"
source = "registry+https://github.com/rust-lang/crates.io-index"
checksum = "e11d33f857dc2fb11b8bc75aee111aa9cbeb12cd9f25efd3d4c2a3dd4e235284"
dependencies = [
 "bumpalo",
 "proc-macro2",
 "quote",
 "syn 2.0.119",
 "wasm-bindgen-shared",
]

[[package]]
name = "wasm-bindgen-shared"
version = "0.2.127"
source = "registry+https://github.com/rust-lang/crates.io-index"
checksum = "7ef64dbcc55df09c7e5a46182d181c2cfa3e925f3da937ea764728b4bbb9dcbf"
dependencies = [
 "unicode-ident",
]

[[package]]
name = "windows-link"
version = "0.2.1"
source = "registry+https://github.com/rust-lang/crates.io-index"
checksum = "f0805222e57f7521d6a62e36fa9163bc891acd422f971defe97d64e70d0a4fe5"

[[package]]
name = "windows-sys"
version = "0.61.2"
source = "registry+https://github.com/rust-lang/crates.io-index"
checksum = "ae137229bcbd6cdf0f7b80a31df61766145077ddf49416a728b02cb3921ff3fc"
dependencies = [
 "windows-link",
]

[[package]]
name = "yydb"
version = "0.1.0"
dependencies = [
 "base64",
 "blake3",
 "serde_json",
 "sha1",
 "vos",
 "windows-sys",
 "yydb-execution",
 "yydb-types",
 "yydb-udf",
]

[[package]]
name = "yydb-client"
version = "0.1.0"
dependencies = [
 "yydb",
 "yydb-types",
 "yydb-udf",
]

[[package]]
name = "yydb-execution"
version = "0.1.0"

[[package]]
name = "yydb-napi"
version = "0.1.0"
dependencies = [
 "napi",
 "napi-build",
 "napi-derive",
 "yydb",
]

[[package]]
name = "yydb-types"
version = "0.1.0"
dependencies = [
 "uuid",
]

[[package]]
name = "yydb-udf"
version = "0.1.0"
dependencies = [
 "blake3",
 "vos",
 "yydb-execution",
]

[[package]]
name = "zerofrom"
version = "0.1.8"
source = "registry+https://github.com/rust-lang/crates.io-index"
checksum = "0ec05a11813ea801ff6d75110ad09cd0824ddba17dfe17128ea0d5f68e6c5272"

[[package]]
name = "zerovec"
version = "0.11.8"
source = "registry+https://github.com/rust-lang/crates.io-index"
checksum = "bb0464e17806c1d976d5cba29399c7f08e516e279e2ba493f63123b5fca67dd8"
dependencies = [
 "serde",
 "zerofrom",
]

[[package]]
name = "zmij"
version = "1.0.23"
source = "registry+https://github.com/rust-lang/crates.io-index"
checksum = "29666d0abbfad1e3dc4dcf6144730dd3a3ab225bbbdac83319345b1b44ccfc1b"
